
Microsoft Visual Studio Solution File, Format Version 12.00
# Visual Studio Version 16
VisualStudioVersion = 16.0.29911.84
MinimumVisualStudioVersion = 10.0.40219.1
Project("{FAE04EC0-301F-11D3-BF4B-00C04F79EFBC}") = "Commander.WebApi", "Commander.WebApi\Commander.WebApi.csproj", "{F54B4113-D23B-4449-99BE-E0F40F61B4CA}"
EndProject
Project("{FAE04EC0-301F-11D3-BF4B-00C04F79EFBC}") = "Commander.DAL", "Commander.DAL\Commander.DAL.csproj", "{75E3746B-D9F5-40FD-94DD-148A771C9F90}"
EndProject
Project("{FAE04EC0-301F-11D3-BF4B-00C04F79EFBC}") = "Comander.BLL", "Comander.BLL\Comander.BLL.csproj", "{B13FADE3-5E9B-4D94-83E0-CE9A4DA13F7A}"
EndProject
Project("{FAE04EC0-301F-11D3-BF4B-00C04F79EFBC}") = "Commander.Common", "Commander.Common\Commander.Common.csproj", "{605921BE-19D9-49CC-B28E-619D160841D9}"
EndProject
Global
	GlobalSection(SolutionConfigurationPlatforms) = preSolution
		Debug|Any CPU = Debug|Any CPU
		Release|Any CPU = Release|Any CPU
	EndGlobalSection
	GlobalSection(ProjectConfigurationPlatforms) = postSolution
		{F54B4113-D23B-4449-99BE-E0F40F61B4CA}.Debug|Any CPU.ActiveCfg = Debug|Any CPU
		{F54B4113-D23B-4449-99BE-E0F40F61B4CA}.Debug|Any CPU.Build.0 = Debug|Any CPU
		{F54B4113-D23B-4449-99BE-E0F40F61B4CA}.Release|Any CPU.ActiveCfg = Release|Any CPU
		{F54B4113-D23B-4449-99BE-E0F40F61B4CA}.Release|Any CPU.Build.0 = Release|Any CPU
		{75E3746B-D9F5-40FD-94DD-148A771C9F90}.Debug|Any CPU.ActiveCfg = Debug|Any CPU
		{75E3746B-D9F5-40FD-94DD-148A771C9F90}.Debug|Any CPU.Build.0 = Debug|Any CPU
		{75E3746B-D9F5-40FD-94DD-148A771C9F90}.Release|Any CPU.ActiveCfg = Release|Any CPU
		{75E3746B-D9F5-40FD-94DD-148A771C9F90}.Release|Any CPU.Build.0 = Release|Any CPU
		{B13FADE3-5E9B-4D94-83E0-CE9A4DA13F7A}.Debug|Any CPU.ActiveCfg = Debug|Any CPU
		{B13FADE3-5E9B-4D94-83E0-CE9A4DA13F7A}.Debug|Any CPU.Build.0 = Debug|Any CPU
		{B13FADE3-5E9B-4D94-83E0-CE9A4DA13F7A}.Release|Any CPU.ActiveCfg = Release|Any CPU
		{B13FADE3-5E9B-4D94-83E0-CE9A4DA13F7A}.Release|Any CPU.Build.0 = Release|Any CPU
		{605921BE-19D9-49CC-B28E-619D160841D9}.Debug|Any CPU.ActiveCfg = Debug|Any CPU
		{605921BE-19D9-49CC-B28E-619D160841D9}.Debug|Any CPU.Build.0 = Debug|Any CPU
		{605921BE-19D9-49CC-B28E-619D160841D9}.Release|Any CPU.ActiveCfg = Release|Any CPU
		{605921BE-19D9-49CC-B28E-619D160841D9}.Release|Any CPU.Build.0 = Release|Any CPU
	EndGlobalSection
	GlobalSection(SolutionProperties) = preSolution
		HideSolutionNode = FALSE
	EndGlobalSection
	GlobalSection(ExtensibilityGlobals) = postSolution
		SolutionGuid = {2C123650-E622-42D5-A227-6EC77E8B3368}
	EndGlobalSection
EndGlobal
